
Microsoft Visual Studio Solution File, Format Version 12.00
# Visual Studio 15
VisualStudioVersion = 15.0.26124.0
MinimumVisualStudioVersion = 15.0.26124.0
Project("{2150E333-8FDC-42A3-9474-1A3956D46DE8}") = "core", "core", "{BED777EA-B6A5-4CEE-B09E-599453CE1F59}"
EndProject
Project("{2150E333-8FDC-42A3-9474-1A3956D46DE8}") = "src", "src", "{6C5C5A10-D8C4-4ADB-8D8A-25DD6031EEA3}"
EndProject
Project("{FAE04EC0-301F-11D3-BF4B-00C04F79EFBC}") = "JetBlack.MessageBus.Common", "core\src\JetBlack.MessageBus.Common\JetBlack.MessageBus.Common.csproj", "{D98B803D-30FB-4A5E-8E96-FE3EDBD95B3C}"
EndProject
Project("{FAE04EC0-301F-11D3-BF4B-00C04F79EFBC}") = "JetBlack.MessageBus.Messages", "core\src\JetBlack.MessageBus.Messages\JetBlack.MessageBus.Messages.csproj", "{9FFD3F1C-0438-4AED-81F0-578678309B6A}"
EndProject
Project("{FAE04EC0-301F-11D3-BF4B-00C04F79EFBC}") = "JetBlack.MessageBus.Distributor", "core\src\JetBlack.MessageBus.Distributor\JetBlack.MessageBus.Distributor.csproj", "{220C776D-E7F4-414A-B375-8C3079E71BF6}"
EndProject
Project("{FAE04EC0-301F-11D3-BF4B-00C04F79EFBC}") = "JetBlack.MessageBus.Adapters", "core\src\JetBlack.MessageBus.Adapters\JetBlack.MessageBus.Adapters.csproj", "{69F8963A-A793-411A-BD7C-D5454D423069}"
EndProject
Project("{2150E333-8FDC-42A3-9474-1A3956D46DE8}") = "test", "test", "{2C2D683C-9066-4A7D-9E5A-C3619636C933}"
EndProject
Project("{FAE04EC0-301F-11D3-BF4B-00C04F79EFBC}") = "JetBlack.MessageBus.Common.Test", "core\test\JetBlack.MessageBus.Common.Test\JetBlack.MessageBus.Common.Test.csproj", "{F14B99DE-600F-4CE2-87A3-67DBBBF40FCC}"
EndProject
Project("{FAE04EC0-301F-11D3-BF4B-00C04F79EFBC}") = "JetBlack.MessageBus.Messages.Test", "core\test\JetBlack.MessageBus.Messages.Test\JetBlack.MessageBus.Messages.Test.csproj", "{F2A41DB1-C63A-41A1-964A-6BE8B59BF076}"
EndProject
Project("{2150E333-8FDC-42A3-9474-1A3956D46DE8}") = "extensions", "extensions", "{C5583301-D588-4A58-8171-847D43F836FD}"
EndProject
Project("{2150E333-8FDC-42A3-9474-1A3956D46DE8}") = "authentication", "authentication", "{7B5DE333-BEC5-4D29-8EEB-174231C082BE}"
EndProject
Project("{2150E333-8FDC-42A3-9474-1A3956D46DE8}") = "src", "src", "{DA927A58-8EEE-4E93-83EC-CCACFB483D4E}"
EndProject
Project("{FAE04EC0-301F-11D3-BF4B-00C04F79EFBC}") = "JetBlack.MessageBus.Common.PasswordFileAuthentication", "extensions\authentication\src\JetBlack.MessageBus.Common.PasswordFileAuthentication\JetBlack.MessageBus.Common.PasswordFileAuthentication.csproj", "{43D31BAA-2F49-417E-AFAD-9BC5C6D46192}"
EndProject
Project("{FAE04EC0-301F-11D3-BF4B-00C04F79EFBC}") = "JetBlack.MessageBus.Common.LdapAuthentication", "extensions\authentication\src\JetBlack.MessageBus.Common.LdapAuthentication\JetBlack.MessageBus.Common.LdapAuthentication.csproj", "{34861773-EFD6-40F3-AA04-9766F086156E}"
EndProject
Project("{2150E333-8FDC-42A3-9474-1A3956D46DE8}") = "test", "test", "{5B6F2458-1CA7-48E1-9D2B-0505A6AD22CE}"
EndProject
Project("{FAE04EC0-301F-11D3-BF4B-00C04F79EFBC}") = "JetBlack.MessageBus.Common.PasswordFileAuthentication.Test", "extensions\authentication\test\JetBlack.MessageBus.Common.PasswordFileAuthentication.Test\JetBlack.MessageBus.Common.PasswordFileAuthentication.Test.csproj", "{CBA5DE39-8796-458B-8E8B-427C2AA125CC}"
EndProject
Project("{2150E333-8FDC-42A3-9474-1A3956D46DE8}") = "examples", "examples", "{0A57F0C4-BD54-4ED1-8D70-04FD265FB744}"
EndProject
Project("{2150E333-8FDC-42A3-9474-1A3956D46DE8}") = "simple", "simple", "{95F612AB-C02E-4CA2-9A23-7FE69FE8B9FA}"
EndProject
Project("{FAE04EC0-301F-11D3-BF4B-00C04F79EFBC}") = "notifier", "examples\simple\notifier\notifier.csproj", "{9C26CA42-263B-46EE-A8A0-63F3E59C76A9}"
EndProject
Project("{FAE04EC0-301F-11D3-BF4B-00C04F79EFBC}") = "publisher", "examples\simple\publisher\publisher.csproj", "{025AD593-9E9B-4E47-A277-8099D8288490}"
EndProject
Project("{FAE04EC0-301F-11D3-BF4B-00C04F79EFBC}") = "subscriber", "examples\simple\subscriber\subscriber.csproj", "{03728697-1312-4F5B-B0CE-90348DEE73AF}"
EndProject
Project("{2150E333-8FDC-42A3-9474-1A3956D46DE8}") = "selectfeed", "selectfeed", "{18DFA3EC-97E8-4774-B981-866B1D7E8BDB}"
EndProject
Project("{FAE04EC0-301F-11D3-BF4B-00C04F79EFBC}") = "publisher", "examples\selectfeed\publisher\publisher.csproj", "{BB4AC9DB-4D87-4647-A4B0-1F92DA81C6F8}"
EndProject
Project("{2150E333-8FDC-42A3-9474-1A3956D46DE8}") = "authorization", "authorization", "{4B8AC91C-B704-4EBC-86D5-D51B230AD2A3}"
EndProject
Project("{FAE04EC0-301F-11D3-BF4B-00C04F79EFBC}") = "common", "examples\authorization\common\common.csproj", "{5B0B8039-4BF7-49B6-9747-704AD1ABF688}"
EndProject
Project("{FAE04EC0-301F-11D3-BF4B-00C04F79EFBC}") = "authorizer", "examples\authorization\authorizer\authorizer.csproj", "{D86E1F3B-001F-4648-9429-25770DB72307}"
EndProject
Project("{FAE04EC0-301F-11D3-BF4B-00C04F79EFBC}") = "notifier", "examples\authorization\notifier\notifier.csproj", "{70B84C7B-A139-4DC2-BFC5-B50D368FE26B}"
EndProject
Project("{FAE04EC0-301F-11D3-BF4B-00C04F79EFBC}") = "subscriber", "examples\authorization\subscriber\subscriber.csproj", "{771DFB26-EF21-4640-A708-0ADA2A1487E0}"
EndProject
Project("{FAE04EC0-301F-11D3-BF4B-00C04F79EFBC}") = "publisher", "examples\authorization\publisher\publisher.csproj", "{87841549-85E8-469C-8F89-349728C4382E}"
EndProject
Project("{2150E333-8FDC-42A3-9474-1A3956D46DE8}") = "utilities", "utilities", "{6201F32D-A38D-44F9-9BB4-E16E6DDB7A3B}"
EndProject
Project("{2150E333-8FDC-42A3-9474-1A3956D46DE8}") = "src", "src", "{659365FD-6492-42DA-9B96-6769C9E810BD}"
EndProject
Project("{FAE04EC0-301F-11D3-BF4B-00C04F79EFBC}") = "MakePassword", "utilities\src\MakePassword\MakePassword.csproj", "{9C222EB8-E90A-4C65-B619-D2A5B1A9EC60}"
EndProject
Project("{FAE04EC0-301F-11D3-BF4B-00C04F79EFBC}") = "subscriber", "examples\selectfeed\subscriber\subscriber.csproj", "{A7931AD7-F828-4510-A661-70474377E9BD}"
EndProject
Global
	GlobalSection(SolutionConfigurationPlatforms) = preSolution
		Debug|Any CPU = Debug|Any CPU
		Debug|x64 = Debug|x64
		Debug|x86 = Debug|x86
		Release|Any CPU = Release|Any CPU
		Release|x64 = Release|x64
		Release|x86 = Release|x86
	EndGlobalSection
	GlobalSection(SolutionProperties) = preSolution
		HideSolutionNode = FALSE
	EndGlobalSection
	GlobalSection(ProjectConfigurationPlatforms) = postSolution
		{D98B803D-30FB-4A5E-8E96-FE3EDBD95B3C}.Debug|Any CPU.ActiveCfg = Debug|Any CPU
		{D98B803D-30FB-4A5E-8E96-FE3EDBD95B3C}.Debug|Any CPU.Build.0 = Debug|Any CPU
		{D98B803D-30FB-4A5E-8E96-FE3EDBD95B3C}.Debug|x64.ActiveCfg = Debug|Any CPU
		{D98B803D-30FB-4A5E-8E96-FE3EDBD95B3C}.Debug|x64.Build.0 = Debug|Any CPU
		{D98B803D-30FB-4A5E-8E96-FE3EDBD95B3C}.Debug|x86.ActiveCfg = Debug|Any CPU
		{D98B803D-30FB-4A5E-8E96-FE3EDBD95B3C}.Debug|x86.Build.0 = Debug|Any CPU
		{D98B803D-30FB-4A5E-8E96-FE3EDBD95B3C}.Release|Any CPU.ActiveCfg = Release|Any CPU
		{D98B803D-30FB-4A5E-8E96-FE3EDBD95B3C}.Release|Any CPU.Build.0 = Release|Any CPU
		{D98B803D-30FB-4A5E-8E96-FE3EDBD95B3C}.Release|x64.ActiveCfg = Release|Any CPU
		{D98B803D-30FB-4A5E-8E96-FE3EDBD95B3C}.Release|x64.Build.0 = Release|Any CPU
		{D98B803D-30FB-4A5E-8E96-FE3EDBD95B3C}.Release|x86.ActiveCfg = Release|Any CPU
		{D98B803D-30FB-4A5E-8E96-FE3EDBD95B3C}.Release|x86.Build.0 = Release|Any CPU
		{9FFD3F1C-0438-4AED-81F0-578678309B6A}.Debug|Any CPU.ActiveCfg = Debug|Any CPU
		{9FFD3F1C-0438-4AED-81F0-578678309B6A}.Debug|Any CPU.Build.0 = Debug|Any CPU
		{9FFD3F1C-0438-4AED-81F0-578678309B6A}.Debug|x64.ActiveCfg = Debug|Any CPU
		{9FFD3F1C-0438-4AED-81F0-578678309B6A}.Debug|x64.Build.0 = Debug|Any CPU
		{9FFD3F1C-0438-4AED-81F0-578678309B6A}.Debug|x86.ActiveCfg = Debug|Any CPU
		{9FFD3F1C-0438-4AED-81F0-578678309B6A}.Debug|x86.Build.0 = Debug|Any CPU
		{9FFD3F1C-0438-4AED-81F0-578678309B6A}.Release|Any CPU.ActiveCfg = Release|Any CPU
		{9FFD3F1C-0438-4AED-81F0-578678309B6A}.Release|Any CPU.Build.0 = Release|Any CPU
		{9FFD3F1C-0438-4AED-81F0-578678309B6A}.Release|x64.ActiveCfg = Release|Any CPU
		{9FFD3F1C-0438-4AED-81F0-578678309B6A}.Release|x64.Build.0 = Release|Any CPU
		{9FFD3F1C-0438-4AED-81F0-578678309B6A}.Release|x86.ActiveCfg = Release|Any CPU
		{9FFD3F1C-0438-4AED-81F0-578678309B6A}.Release|x86.Build.0 = Release|Any CPU
		{220C776D-E7F4-414A-B375-8C3079E71BF6}.Debug|Any CPU.ActiveCfg = Debug|Any CPU
		{220C776D-E7F4-414A-B375-8C3079E71BF6}.Debug|Any CPU.Build.0 = Debug|Any CPU
		{220C776D-E7F4-414A-B375-8C3079E71BF6}.Debug|x64.ActiveCfg = Debug|Any CPU
		{220C776D-E7F4-414A-B375-8C3079E71BF6}.Debug|x64.Build.0 = Debug|Any CPU
		{220C776D-E7F4-414A-B375-8C3079E71BF6}.Debug|x86.ActiveCfg = Debug|Any CPU
		{220C776D-E7F4-414A-B375-8C3079E71BF6}.Debug|x86.Build.0 = Debug|Any CPU
		{220C776D-E7F4-414A-B375-8C3079E71BF6}.Release|Any CPU.ActiveCfg = Release|Any CPU
		{220C776D-E7F4-414A-B375-8C3079E71BF6}.Release|Any CPU.Build.0 = Release|Any CPU
		{220C776D-E7F4-414A-B375-8C3079E71BF6}.Release|x64.ActiveCfg = Release|Any CPU
		{220C776D-E7F4-414A-B375-8C3079E71BF6}.Release|x64.Build.0 = Release|Any CPU
		{220C776D-E7F4-414A-B375-8C3079E71BF6}.Release|x86.ActiveCfg = Release|Any CPU
		{220C776D-E7F4-414A-B375-8C3079E71BF6}.Release|x86.Build.0 = Release|Any CPU
		{69F8963A-A793-411A-BD7C-D5454D423069}.Debug|Any CPU.ActiveCfg = Debug|Any CPU
		{69F8963A-A793-411A-BD7C-D5454D423069}.Debug|Any CPU.Build.0 = Debug|Any CPU
		{69F8963A-A793-411A-BD7C-D5454D423069}.Debug|x64.ActiveCfg = Debug|Any CPU
		{69F8963A-A793-411A-BD7C-D5454D423069}.Debug|x64.Build.0 = Debug|Any CPU
		{69F8963A-A793-411A-BD7C-D5454D423069}.Debug|x86.ActiveCfg = Debug|Any CPU
		{69F8963A-A793-411A-BD7C-D5454D423069}.Debug|x86.Build.0 = Debug|Any CPU
		{69F8963A-A793-411A-BD7C-D5454D423069}.Release|Any CPU.ActiveCfg = Release|Any CPU
		{69F8963A-A793-411A-BD7C-D5454D423069}.Release|Any CPU.Build.0 = Release|Any CPU
		{69F8963A-A793-411A-BD7C-D5454D423069}.Release|x64.ActiveCfg = Release|Any CPU
		{69F8963A-A793-411A-BD7C-D5454D423069}.Release|x64.Build.0 = Release|Any CPU
		{69F8963A-A793-411A-BD7C-D5454D423069}.Release|x86.ActiveCfg = Release|Any CPU
		{69F8963A-A793-411A-BD7C-D5454D423069}.Release|x86.Build.0 = Release|Any CPU
		{F14B99DE-600F-4CE2-87A3-67DBBBF40FCC}.Debug|Any CPU.ActiveCfg = Debug|Any CPU
		{F14B99DE-600F-4CE2-87A3-67DBBBF40FCC}.Debug|Any CPU.Build.0 = Debug|Any CPU
		{F14B99DE-600F-4CE2-87A3-67DBBBF40FCC}.Debug|x64.ActiveCfg = Debug|Any CPU
		{F14B99DE-600F-4CE2-87A3-67DBBBF40FCC}.Debug|x64.Build.0 = Debug|Any CPU
		{F14B99DE-600F-4CE2-87A3-67DBBBF40FCC}.Debug|x86.ActiveCfg = Debug|Any CPU
		{F14B99DE-600F-4CE2-87A3-67DBBBF40FCC}.Debug|x86.Build.0 = Debug|Any CPU
		{F14B99DE-600F-4CE2-87A3-67DBBBF40FCC}.Release|Any CPU.ActiveCfg = Release|Any CPU
		{F14B99DE-600F-4CE2-87A3-67DBBBF40FCC}.Release|Any CPU.Build.0 = Release|Any CPU
		{F14B99DE-600F-4CE2-87A3-67DBBBF40FCC}.Release|x64.ActiveCfg = Release|Any CPU
		{F14B99DE-600F-4CE2-87A3-67DBBBF40FCC}.Release|x64.Build.0 = Release|Any CPU
		{F14B99DE-600F-4CE2-87A3-67DBBBF40FCC}.Release|x86.ActiveCfg = Release|Any CPU
		{F14B99DE-600F-4CE2-87A3-67DBBBF40FCC}.Release|x86.Build.0 = Release|Any CPU
		{F2A41DB1-C63A-41A1-964A-6BE8B59BF076}.Debug|Any CPU.ActiveCfg = Debug|Any CPU
		{F2A41DB1-C63A-41A1-964A-6BE8B59BF076}.Debug|Any CPU.Build.0 = Debug|Any CPU
		{F2A41DB1-C63A-41A1-964A-6BE8B59BF076}.Debug|x64.ActiveCfg = Debug|Any CPU
		{F2A41DB1-C63A-41A1-964A-6BE8B59BF076}.Debug|x64.Build.0 = Debug|Any CPU
		{F2A41DB1-C63A-41A1-964A-6BE8B59BF076}.Debug|x86.ActiveCfg = Debug|Any CPU
		{F2A41DB1-C63A-41A1-964A-6BE8B59BF076}.Debug|x86.Build.0 = Debug|Any CPU
		{F2A41DB1-C63A-41A1-964A-6BE8B59BF076}.Release|Any CPU.ActiveCfg = Release|Any CPU
		{F2A41DB1-C63A-41A1-964A-6BE8B59BF076}.Release|Any CPU.Build.0 = Release|Any CPU
		{F2A41DB1-C63A-41A1-964A-6BE8B59BF076}.Release|x64.ActiveCfg = Release|Any CPU
		{F2A41DB1-C63A-41A1-964A-6BE8B59BF076}.Release|x64.Build.0 = Release|Any CPU
		{F2A41DB1-C63A-41A1-964A-6BE8B59BF076}.Release|x86.ActiveCfg = Release|Any CPU
		{F2A41DB1-C63A-41A1-964A-6BE8B59BF076}.Release|x86.Build.0 = Release|Any CPU
		{43D31BAA-2F49-417E-AFAD-9BC5C6D46192}.Debug|Any CPU.ActiveCfg = Debug|Any CPU
		{43D31BAA-2F49-417E-AFAD-9BC5C6D46192}.Debug|Any CPU.Build.0 = Debug|Any CPU
		{43D31BAA-2F49-417E-AFAD-9BC5C6D46192}.Debug|x64.ActiveCfg = Debug|Any CPU
		{43D31BAA-2F49-417E-AFAD-9BC5C6D46192}.Debug|x64.Build.0 = Debug|Any CPU
		{43D31BAA-2F49-417E-AFAD-9BC5C6D46192}.Debug|x86.ActiveCfg = Debug|Any CPU
		{43D31BAA-2F49-417E-AFAD-9BC5C6D46192}.Debug|x86.Build.0 = Debug|Any CPU
		{43D31BAA-2F49-417E-AFAD-9BC5C6D46192}.Release|Any CPU.ActiveCfg = Release|Any CPU
		{43D31BAA-2F49-417E-AFAD-9BC5C6D46192}.Release|Any CPU.Build.0 = Release|Any CPU
		{43D31BAA-2F49-417E-AFAD-9BC5C6D46192}.Release|x64.ActiveCfg = Release|Any CPU
		{43D31BAA-2F49-417E-AFAD-9BC5C6D46192}.Release|x64.Build.0 = Release|Any CPU
		{43D31BAA-2F49-417E-AFAD-9BC5C6D46192}.Release|x86.ActiveCfg = Release|Any CPU
		{43D31BAA-2F49-417E-AFAD-9BC5C6D46192}.Release|x86.Build.0 = Release|Any CPU
		{34861773-EFD6-40F3-AA04-9766F086156E}.Debug|Any CPU.ActiveCfg = Debug|Any CPU
		{34861773-EFD6-40F3-AA04-9766F086156E}.Debug|Any CPU.Build.0 = Debug|Any CPU
		{34861773-EFD6-40F3-AA04-9766F086156E}.Debug|x64.ActiveCfg = Debug|Any CPU
		{34861773-EFD6-40F3-AA04-9766F086156E}.Debug|x64.Build.0 = Debug|Any CPU
		{34861773-EFD6-40F3-AA04-9766F086156E}.Debug|x86.ActiveCfg = Debug|Any CPU
		{34861773-EFD6-40F3-AA04-9766F086156E}.Debug|x86.Build.0 = Debug|Any CPU
		{34861773-EFD6-40F3-AA04-9766F086156E}.Release|Any CPU.ActiveCfg = Release|Any CPU
		{34861773-EFD6-40F3-AA04-9766F086156E}.Release|Any CPU.Build.0 = Release|Any CPU
		{34861773-EFD6-40F3-AA04-9766F086156E}.Release|x64.ActiveCfg = Release|Any CPU
		{34861773-EFD6-40F3-AA04-9766F086156E}.Release|x64.Build.0 = Release|Any CPU
		{34861773-EFD6-40F3-AA04-9766F086156E}.Release|x86.ActiveCfg = Release|Any CPU
		{34861773-EFD6-40F3-AA04-9766F086156E}.Release|x86.Build.0 = Release|Any CPU
		{CBA5DE39-8796-458B-8E8B-427C2AA125CC}.Debug|Any CPU.ActiveCfg = Debug|Any CPU
		{CBA5DE39-8796-458B-8E8B-427C2AA125CC}.Debug|Any CPU.Build.0 = Debug|Any CPU
		{CBA5DE39-8796-458B-8E8B-427C2AA125CC}.Debug|x64.ActiveCfg = Debug|Any CPU
		{CBA5DE39-8796-458B-8E8B-427C2AA125CC}.Debug|x64.Build.0 = Debug|Any CPU
		{CBA5DE39-8796-458B-8E8B-427C2AA125CC}.Debug|x86.ActiveCfg = Debug|Any CPU
		{CBA5DE39-8796-458B-8E8B-427C2AA125CC}.Debug|x86.Build.0 = Debug|Any CPU
		{CBA5DE39-8796-458B-8E8B-427C2AA125CC}.Release|Any CPU.ActiveCfg = Release|Any CPU
		{CBA5DE39-8796-458B-8E8B-427C2AA125CC}.Release|Any CPU.Build.0 = Release|Any CPU
		{CBA5DE39-8796-458B-8E8B-427C2AA125CC}.Release|x64.ActiveCfg = Release|Any CPU
		{CBA5DE39-8796-458B-8E8B-427C2AA125CC}.Release|x64.Build.0 = Release|Any CPU
		{CBA5DE39-8796-458B-8E8B-427C2AA125CC}.Release|x86.ActiveCfg = Release|Any CPU
		{CBA5DE39-8796-458B-8E8B-427C2AA125CC}.Release|x86.Build.0 = Release|Any CPU
		{9C26CA42-263B-46EE-A8A0-63F3E59C76A9}.Debug|Any CPU.ActiveCfg = Debug|Any CPU
		{9C26CA42-263B-46EE-A8A0-63F3E59C76A9}.Debug|Any CPU.Build.0 = Debug|Any CPU
		{9C26CA42-263B-46EE-A8A0-63F3E59C76A9}.Debug|x64.ActiveCfg = Debug|Any CPU
		{9C26CA42-263B-46EE-A8A0-63F3E59C76A9}.Debug|x64.Build.0 = Debug|Any CPU
		{9C26CA42-263B-46EE-A8A0-63F3E59C76A9}.Debug|x86.ActiveCfg = Debug|Any CPU
		{9C26CA42-263B-46EE-A8A0-63F3E59C76A9}.Debug|x86.Build.0 = Debug|Any CPU
		{9C26CA42-263B-46EE-A8A0-63F3E59C76A9}.Release|Any CPU.ActiveCfg = Release|Any CPU
		{9C26CA42-263B-46EE-A8A0-63F3E59C76A9}.Release|Any CPU.Build.0 = Release|Any CPU
		{9C26CA42-263B-46EE-A8A0-63F3E59C76A9}.Release|x64.ActiveCfg = Release|Any CPU
		{9C26CA42-263B-46EE-A8A0-63F3E59C76A9}.Release|x64.Build.0 = Release|Any CPU
		{9C26CA42-263B-46EE-A8A0-63F3E59C76A9}.Release|x86.ActiveCfg = Release|Any CPU
		{9C26CA42-263B-46EE-A8A0-63F3E59C76A9}.Release|x86.Build.0 = Release|Any CPU
		{025AD593-9E9B-4E47-A277-8099D8288490}.Debug|Any CPU.ActiveCfg = Debug|Any CPU
		{025AD593-9E9B-4E47-A277-8099D8288490}.Debug|Any CPU.Build.0 = Debug|Any CPU
		{025AD593-9E9B-4E47-A277-8099D8288490}.Debug|x64.ActiveCfg = Debug|Any CPU
		{025AD593-9E9B-4E47-A277-8099D8288490}.Debug|x64.Build.0 = Debug|Any CPU
		{025AD593-9E9B-4E47-A277-8099D8288490}.Debug|x86.ActiveCfg = Debug|Any CPU
		{025AD593-9E9B-4E47-A277-8099D8288490}.Debug|x86.Build.0 = Debug|Any CPU
		{025AD593-9E9B-4E47-A277-8099D8288490}.Release|Any CPU.ActiveCfg = Release|Any CPU
		{025AD593-9E9B-4E47-A277-8099D8288490}.Release|Any CPU.Build.0 = Release|Any CPU
		{025AD593-9E9B-4E47-A277-8099D8288490}.Release|x64.ActiveCfg = Release|Any CPU
		{025AD593-9E9B-4E47-A277-8099D8288490}.Release|x64.Build.0 = Release|Any CPU
		{025AD593-9E9B-4E47-A277-8099D8288490}.Release|x86.ActiveCfg = Release|Any CPU
		{025AD593-9E9B-4E47-A277-8099D8288490}.Release|x86.Build.0 = Release|Any CPU
		{03728697-1312-4F5B-B0CE-90348DEE73AF}.Debug|Any CPU.ActiveCfg = Debug|Any CPU
		{03728697-1312-4F5B-B0CE-90348DEE73AF}.Debug|Any CPU.Build.0 = Debug|Any CPU
		{03728697-1312-4F5B-B0CE-90348DEE73AF}.Debug|x64.ActiveCfg = Debug|Any CPU
		{03728697-1312-4F5B-B0CE-90348DEE73AF}.Debug|x64.Build.0 = Debug|Any CPU
		{03728697-1312-4F5B-B0CE-90348DEE73AF}.Debug|x86.ActiveCfg = Debug|Any CPU
		{03728697-1312-4F5B-B0CE-90348DEE73AF}.Debug|x86.Build.0 = Debug|Any CPU
		{03728697-1312-4F5B-B0CE-90348DEE73AF}.Release|Any CPU.ActiveCfg = Release|Any CPU
		{03728697-1312-4F5B-B0CE-90348DEE73AF}.Release|Any CPU.Build.0 = Release|Any CPU
		{03728697-1312-4F5B-B0CE-90348DEE73AF}.Release|x64.ActiveCfg = Release|Any CPU
		{03728697-1312-4F5B-B0CE-90348DEE73AF}.Release|x64.Build.0 = Release|Any CPU
		{03728697-1312-4F5B-B0CE-90348DEE73AF}.Release|x86.ActiveCfg = Release|Any CPU
		{03728697-1312-4F5B-B0CE-90348DEE73AF}.Release|x86.Build.0 = Release|Any CPU
		{BB4AC9DB-4D87-4647-A4B0-1F92DA81C6F8}.Debug|Any CPU.ActiveCfg = Debug|Any CPU
		{BB4AC9DB-4D87-4647-A4B0-1F92DA81C6F8}.Debug|Any CPU.Build.0 = Debug|Any CPU
		{BB4AC9DB-4D87-4647-A4B0-1F92DA81C6F8}.Debug|x64.ActiveCfg = Debug|Any CPU
		{BB4AC9DB-4D87-4647-A4B0-1F92DA81C6F8}.Debug|x64.Build.0 = Debug|Any CPU
		{BB4AC9DB-4D87-4647-A4B0-1F92DA81C6F8}.Debug|x86.ActiveCfg = Debug|Any CPU
		{BB4AC9DB-4D87-4647-A4B0-1F92DA81C6F8}.Debug|x86.Build.0 = Debug|Any CPU
		{BB4AC9DB-4D87-4647-A4B0-1F92DA81C6F8}.Release|Any CPU.ActiveCfg = Release|Any CPU
		{BB4AC9DB-4D87-4647-A4B0-1F92DA81C6F8}.Release|Any CPU.Build.0 = Release|Any CPU
		{BB4AC9DB-4D87-4647-A4B0-1F92DA81C6F8}.Release|x64.ActiveCfg = Release|Any CPU
		{BB4AC9DB-4D87-4647-A4B0-1F92DA81C6F8}.Release|x64.Build.0 = Release|Any CPU
		{BB4AC9DB-4D87-4647-A4B0-1F92DA81C6F8}.Release|x86.ActiveCfg = Release|Any CPU
		{BB4AC9DB-4D87-4647-A4B0-1F92DA81C6F8}.Release|x86.Build.0 = Release|Any CPU
		{5B0B8039-4BF7-49B6-9747-704AD1ABF688}.Debug|Any CPU.ActiveCfg = Debug|Any CPU
		{5B0B8039-4BF7-49B6-9747-704AD1ABF688}.Debug|Any CPU.Build.0 = Debug|Any CPU
		{5B0B8039-4BF7-49B6-9747-704AD1ABF688}.Debug|x64.ActiveCfg = Debug|Any CPU
		{5B0B8039-4BF7-49B6-9747-704AD1ABF688}.Debug|x64.Build.0 = Debug|Any CPU
		{5B0B8039-4BF7-49B6-9747-704AD1ABF688}.Debug|x86.ActiveCfg = Debug|Any CPU
		{5B0B8039-4BF7-49B6-9747-704AD1ABF688}.Debug|x86.Build.0 = Debug|Any CPU
		{5B0B8039-4BF7-49B6-9747-704AD1ABF688}.Release|Any CPU.ActiveCfg = Release|Any CPU
		{5B0B8039-4BF7-49B6-9747-704AD1ABF688}.Release|Any CPU.Build.0 = Release|Any CPU
		{5B0B8039-4BF7-49B6-9747-704AD1ABF688}.Release|x64.ActiveCfg = Release|Any CPU
		{5B0B8039-4BF7-49B6-9747-704AD1ABF688}.Release|x64.Build.0 = Release|Any CPU
		{5B0B8039-4BF7-49B6-9747-704AD1ABF688}.Release|x86.ActiveCfg = Release|Any CPU
		{5B0B8039-4BF7-49B6-9747-704AD1ABF688}.Release|x86.Build.0 = Release|Any CPU
		{D86E1F3B-001F-4648-9429-25770DB72307}.Debug|Any CPU.ActiveCfg = Debug|Any CPU
		{D86E1F3B-001F-4648-9429-25770DB72307}.Debug|Any CPU.Build.0 = Debug|Any CPU
		{D86E1F3B-001F-4648-9429-25770DB72307}.Debug|x64.ActiveCfg = Debug|Any CPU
		{D86E1F3B-001F-4648-9429-25770DB72307}.Debug|x64.Build.0 = Debug|Any CPU
		{D86E1F3B-001F-4648-9429-25770DB72307}.Debug|x86.ActiveCfg = Debug|Any CPU
		{D86E1F3B-001F-4648-9429-25770DB72307}.Debug|x86.Build.0 = Debug|Any CPU
		{D86E1F3B-001F-4648-9429-25770DB72307}.Release|Any CPU.ActiveCfg = Release|Any CPU
		{D86E1F3B-001F-4648-9429-25770DB72307}.Release|Any CPU.Build.0 = Release|Any CPU
		{D86E1F3B-001F-4648-9429-25770DB72307}.Release|x64.ActiveCfg = Release|Any CPU
		{D86E1F3B-001F-4648-9429-25770DB72307}.Release|x64.Build.0 = Release|Any CPU
		{D86E1F3B-001F-4648-9429-25770DB72307}.Release|x86.ActiveCfg = Release|Any CPU
		{D86E1F3B-001F-4648-9429-25770DB72307}.Release|x86.Build.0 = Release|Any CPU
		{70B84C7B-A139-4DC2-BFC5-B50D368FE26B}.Debug|Any CPU.ActiveCfg = Debug|Any CPU
		{70B84C7B-A139-4DC2-BFC5-B50D368FE26B}.Debug|Any CPU.Build.0 = Debug|Any CPU
		{70B84C7B-A139-4DC2-BFC5-B50D368FE26B}.Debug|x64.ActiveCfg = Debug|Any CPU
		{70B84C7B-A139-4DC2-BFC5-B50D368FE26B}.Debug|x64.Build.0 = Debug|Any CPU
		{70B84C7B-A139-4DC2-BFC5-B50D368FE26B}.Debug|x86.ActiveCfg = Debug|Any CPU
		{70B84C7B-A139-4DC2-BFC5-B50D368FE26B}.Debug|x86.Build.0 = Debug|Any CPU
		{70B84C7B-A139-4DC2-BFC5-B50D368FE26B}.Release|Any CPU.ActiveCfg = Release|Any CPU
		{70B84C7B-A139-4DC2-BFC5-B50D368FE26B}.Release|Any CPU.Build.0 = Release|Any CPU
		{70B84C7B-A139-4DC2-BFC5-B50D368FE26B}.Release|x64.ActiveCfg = Release|Any CPU
		{70B84C7B-A139-4DC2-BFC5-B50D368FE26B}.Release|x64.Build.0 = Release|Any CPU
		{70B84C7B-A139-4DC2-BFC5-B50D368FE26B}.Release|x86.ActiveCfg = Release|Any CPU
		{70B84C7B-A139-4DC2-BFC5-B50D368FE26B}.Release|x86.Build.0 = Release|Any CPU
		{771DFB26-EF21-4640-A708-0ADA2A1487E0}.Debug|Any CPU.ActiveCfg = Debug|Any CPU
		{771DFB26-EF21-4640-A708-0ADA2A1487E0}.Debug|Any CPU.Build.0 = Debug|Any CPU
		{771DFB26-EF21-4640-A708-0ADA2A1487E0}.Debug|x64.ActiveCfg = Debug|Any CPU
		{771DFB26-EF21-4640-A708-0ADA2A1487E0}.Debug|x64.Build.0 = Debug|Any CPU
		{771DFB26-EF21-4640-A708-0ADA2A1487E0}.Debug|x86.ActiveCfg = Debug|Any CPU
		{771DFB26-EF21-4640-A708-0ADA2A1487E0}.Debug|x86.Build.0 = Debug|Any CPU
		{771DFB26-EF21-4640-A708-0ADA2A1487E0}.Release|Any CPU.ActiveCfg = Release|Any CPU
		{771DFB26-EF21-4640-A708-0ADA2A1487E0}.Release|Any CPU.Build.0 = Release|Any CPU
		{771DFB26-EF21-4640-A708-0ADA2A1487E0}.Release|x64.ActiveCfg = Release|Any CPU
		{771DFB26-EF21-4640-A708-0ADA2A1487E0}.Release|x64.Build.0 = Release|Any CPU
		{771DFB26-EF21-4640-A708-0ADA2A1487E0}.Release|x86.ActiveCfg = Release|Any CPU
		{771DFB26-EF21-4640-A708-0ADA2A1487E0}.Release|x86.Build.0 = Release|Any CPU
		{87841549-85E8-469C-8F89-349728C4382E}.Debug|Any CPU.ActiveCfg = Debug|Any CPU
		{87841549-85E8-469C-8F89-349728C4382E}.Debug|Any CPU.Build.0 = Debug|Any CPU
		{87841549-85E8-469C-8F89-349728C4382E}.Debug|x64.ActiveCfg = Debug|Any CPU
		{87841549-85E8-469C-8F89-349728C4382E}.Debug|x64.Build.0 = Debug|Any CPU
		{87841549-85E8-469C-8F89-349728C4382E}.Debug|x86.ActiveCfg = Debug|Any CPU
		{87841549-85E8-469C-8F89-349728C4382E}.Debug|x86.Build.0 = Debug|Any CPU
		{87841549-85E8-469C-8F89-349728C4382E}.Release|Any CPU.ActiveCfg = Release|Any CPU
		{87841549-85E8-469C-8F89-349728C4382E}.Release|Any CPU.Build.0 = Release|Any CPU
		{87841549-85E8-469C-8F89-349728C4382E}.Release|x64.ActiveCfg = Release|Any CPU
		{87841549-85E8-469C-8F89-349728C4382E}.Release|x64.Build.0 = Release|Any CPU
		{87841549-85E8-469C-8F89-349728C4382E}.Release|x86.ActiveCfg = Release|Any CPU
		{87841549-85E8-469C-8F89-349728C4382E}.Release|x86.Build.0 = Release|Any CPU
		{9C222EB8-E90A-4C65-B619-D2A5B1A9EC60}.Debug|Any CPU.ActiveCfg = Debug|Any CPU
		{9C222EB8-E90A-4C65-B619-D2A5B1A9EC60}.Debug|Any CPU.Build.0 = Debug|Any CPU
		{9C222EB8-E90A-4C65-B619-D2A5B1A9EC60}.Debug|x64.ActiveCfg = Debug|Any CPU
		{9C222EB8-E90A-4C65-B619-D2A5B1A9EC60}.Debug|x64.Build.0 = Debug|Any CPU
		{9C222EB8-E90A-4C65-B619-D2A5B1A9EC60}.Debug|x86.ActiveCfg = Debug|Any CPU
		{9C222EB8-E90A-4C65-B619-D2A5B1A9EC60}.Debug|x86.Build.0 = Debug|Any CPU
		{9C222EB8-E90A-4C65-B619-D2A5B1A9EC60}.Release|Any CPU.ActiveCfg = Release|Any CPU
		{9C222EB8-E90A-4C65-B619-D2A5B1A9EC60}.Release|Any CPU.Build.0 = Release|Any CPU
		{9C222EB8-E90A-4C65-B619-D2A5B1A9EC60}.Release|x64.ActiveCfg = Release|Any CPU
		{9C222EB8-E90A-4C65-B619-D2A5B1A9EC60}.Release|x64.Build.0 = Release|Any CPU
		{9C222EB8-E90A-4C65-B619-D2A5B1A9EC60}.Release|x86.ActiveCfg = Release|Any CPU
		{9C222EB8-E90A-4C65-B619-D2A5B1A9EC60}.Release|x86.Build.0 = Release|Any CPU
		{A7931AD7-F828-4510-A661-70474377E9BD}.Debug|Any CPU.ActiveCfg = Debug|Any CPU
		{A7931AD7-F828-4510-A661-70474377E9BD}.Debug|Any CPU.Build.0 = Debug|Any CPU
		{A7931AD7-F828-4510-A661-70474377E9BD}.Debug|x64.ActiveCfg = Debug|Any CPU
		{A7931AD7-F828-4510-A661-70474377E9BD}.Debug|x64.Build.0 = Debug|Any CPU
		{A7931AD7-F828-4510-A661-70474377E9BD}.Debug|x86.ActiveCfg = Debug|Any CPU
		{A7931AD7-F828-4510-A661-70474377E9BD}.Debug|x86.Build.0 = Debug|Any CPU
		{A7931AD7-F828-4510-A661-70474377E9BD}.Release|Any CPU.ActiveCfg = Release|Any CPU
		{A7931AD7-F828-4510-A661-70474377E9BD}.Release|Any CPU.Build.0 = Release|Any CPU
		{A7931AD7-F828-4510-A661-70474377E9BD}.Release|x64.ActiveCfg = Release|Any CPU
		{A7931AD7-F828-4510-A661-70474377E9BD}.Release|x64.Build.0 = Release|Any CPU
		{A7931AD7-F828-4510-A661-70474377E9BD}.Release|x86.ActiveCfg = Release|Any CPU
		{A7931AD7-F828-4510-A661-70474377E9BD}.Release|x86.Build.0 = Release|Any CPU
	EndGlobalSection
	GlobalSection(NestedProjects) = preSolution
		{6C5C5A10-D8C4-4ADB-8D8A-25DD6031EEA3} = {BED777EA-B6A5-4CEE-B09E-599453CE1F59}
		{D98B803D-30FB-4A5E-8E96-FE3EDBD95B3C} = {6C5C5A10-D8C4-4ADB-8D8A-25DD6031EEA3}
		{9FFD3F1C-0438-4AED-81F0-578678309B6A} = {6C5C5A10-D8C4-4ADB-8D8A-25DD6031EEA3}
		{220C776D-E7F4-414A-B375-8C3079E71BF6} = {6C5C5A10-D8C4-4ADB-8D8A-25DD6031EEA3}
		{69F8963A-A793-411A-BD7C-D5454D423069} = {6C5C5A10-D8C4-4ADB-8D8A-25DD6031EEA3}
		{2C2D683C-9066-4A7D-9E5A-C3619636C933} = {BED777EA-B6A5-4CEE-B09E-599453CE1F59}
		{F14B99DE-600F-4CE2-87A3-67DBBBF40FCC} = {2C2D683C-9066-4A7D-9E5A-C3619636C933}
		{F2A41DB1-C63A-41A1-964A-6BE8B59BF076} = {2C2D683C-9066-4A7D-9E5A-C3619636C933}
		{7B5DE333-BEC5-4D29-8EEB-174231C082BE} = {C5583301-D588-4A58-8171-847D43F836FD}
		{DA927A58-8EEE-4E93-83EC-CCACFB483D4E} = {7B5DE333-BEC5-4D29-8EEB-174231C082BE}
		{43D31BAA-2F49-417E-AFAD-9BC5C6D46192} = {DA927A58-8EEE-4E93-83EC-CCACFB483D4E}
		{34861773-EFD6-40F3-AA04-9766F086156E} = {DA927A58-8EEE-4E93-83EC-CCACFB483D4E}
		{5B6F2458-1CA7-48E1-9D2B-0505A6AD22CE} = {7B5DE333-BEC5-4D29-8EEB-174231C082BE}
		{CBA5DE39-8796-458B-8E8B-427C2AA125CC} = {5B6F2458-1CA7-48E1-9D2B-0505A6AD22CE}
		{95F612AB-C02E-4CA2-9A23-7FE69FE8B9FA} = {0A57F0C4-BD54-4ED1-8D70-04FD265FB744}
		{9C26CA42-263B-46EE-A8A0-63F3E59C76A9} = {95F612AB-C02E-4CA2-9A23-7FE69FE8B9FA}
		{025AD593-9E9B-4E47-A277-8099D8288490} = {95F612AB-C02E-4CA2-9A23-7FE69FE8B9FA}
		{03728697-1312-4F5B-B0CE-90348DEE73AF} = {95F612AB-C02E-4CA2-9A23-7FE69FE8B9FA}
		{18DFA3EC-97E8-4774-B981-866B1D7E8BDB} = {0A57F0C4-BD54-4ED1-8D70-04FD265FB744}
		{BB4AC9DB-4D87-4647-A4B0-1F92DA81C6F8} = {18DFA3EC-97E8-4774-B981-866B1D7E8BDB}
		{4B8AC91C-B704-4EBC-86D5-D51B230AD2A3} = {0A57F0C4-BD54-4ED1-8D70-04FD265FB744}
		{5B0B8039-4BF7-49B6-9747-704AD1ABF688} = {4B8AC91C-B704-4EBC-86D5-D51B230AD2A3}
		{D86E1F3B-001F-4648-9429-25770DB72307} = {4B8AC91C-B704-4EBC-86D5-D51B230AD2A3}
		{70B84C7B-A139-4DC2-BFC5-B50D368FE26B} = {4B8AC91C-B704-4EBC-86D5-D51B230AD2A3}
		{771DFB26-EF21-4640-A708-0ADA2A1487E0} = {4B8AC91C-B704-4EBC-86D5-D51B230AD2A3}
		{87841549-85E8-469C-8F89-349728C4382E} = {4B8AC91C-B704-4EBC-86D5-D51B230AD2A3}
		{659365FD-6492-42DA-9B96-6769C9E810BD} = {6201F32D-A38D-44F9-9BB4-E16E6DDB7A3B}
		{9C222EB8-E90A-4C65-B619-D2A5B1A9EC60} = {659365FD-6492-42DA-9B96-6769C9E810BD}
		{A7931AD7-F828-4510-A661-70474377E9BD} = {18DFA3EC-97E8-4774-B981-866B1D7E8BDB}
	EndGlobalSection
EndGlobal
